
Microsoft Visual Studio Solution File, Format Version 12.00
# Visual Studio Version 17
VisualStudioVersion = 17.13.35931.197 d17.13
MinimumVisualStudioVersion = 10.0.40219.1
Project("{FAE04EC0-301F-11D3-BF4B-00C04F79EFBC}") = "NUnitAsserts", "LT_CSharp_Asserts\NUnitAsserts.csproj", "{8365A93C-D7B6-47D9-B856-D0137EF964AB}"
EndProject
Project("{FAE04EC0-301F-11D3-BF4B-00C04F79EFBC}") = "MSTestAsserts", "MSTestExample\MSTestAsserts.csproj", "{62157C86-E859-4DC4-B1ED-24CFDE9FFBEC}"
EndProject
Global
	GlobalSection(SolutionConfigurationPlatforms) = preSolution
		Debug|Any CPU = Debug|Any CPU
		Release|Any CPU = Release|Any CPU
	EndGlobalSection
	GlobalSection(ProjectConfigurationPlatforms) = postSolution
		{8365A93C-D7B6-47D9-B856-D0137EF964AB}.Debug|Any CPU.ActiveCfg = Debug|Any CPU
		{8365A93C-D7B6-47D9-B856-D0137EF964AB}.Debug|Any CPU.Build.0 = Debug|Any CPU
		{8365A93C-D7B6-47D9-B856-D0137EF964AB}.Release|Any CPU.ActiveCfg = Release|Any CPU
		{8365A93C-D7B6-47D9-B856-D0137EF964AB}.Release|Any CPU.Build.0 = Release|Any CPU
		{62157C86-E859-4DC4-B1ED-24CFDE9FFBEC}.Debug|Any CPU.ActiveCfg = Debug|Any CPU
		{62157C86-E859-4DC4-B1ED-24CFDE9FFBEC}.Debug|Any CPU.Build.0 = Debug|Any CPU
		{62157C86-E859-4DC4-B1ED-24CFDE9FFBEC}.Release|Any CPU.ActiveCfg = Release|Any CPU
		{62157C86-E859-4DC4-B1ED-24CFDE9FFBEC}.Release|Any CPU.Build.0 = Release|Any CPU
	EndGlobalSection
	GlobalSection(SolutionProperties) = preSolution
		HideSolutionNode = FALSE
	EndGlobalSection
	GlobalSection(ExtensibilityGlobals) = postSolution
		SolutionGuid = {61E62EEA-9ED2-4F1E-B944-362DCD541F93}
	EndGlobalSection
EndGlobal
